// !$*UTF8*$!
{
	archiveVersion = 1;
	classes = {
	};
	objectVersion = 56;
	objects = {

/* Begin PBXBuildFile section */
		CE1291912BC2D76E00801F1F /* CryptoTrackerApp.swift in Sources */ = {isa = PBXBuildFile; fileRef = CE1291902BC2D76E00801F1F /* CryptoTrackerApp.swift */; };
		CE1291932BC2D76E00801F1F /* PorfolioView.swift in Sources */ = {isa = PBXBuildFile; fileRef = CE1291922BC2D76E00801F1F /* PorfolioView.swift */; };
		CE1291952BC2D76E00801F1F /* Assets.xcassets in Resources */ = {isa = PBXBuildFile; fileRef = CE1291942BC2D76E00801F1F /* Assets.xcassets */; };
		CE1291982BC2D76E00801F1F /* Preview Assets.xcassets in Resources */ = {isa = PBXBuildFile; fileRef = CE1291972BC2D76E00801F1F /* Preview Assets.xcassets */; };
		CE1291A02BC2D7FC00801F1F /* OnboardingView.swift in Sources */ = {isa = PBXBuildFile; fileRef = CE12919F2BC2D7FC00801F1F /* OnboardingView.swift */; };
		CE1291A22BC2D84400801F1F /* OnboardingModel.swift in Sources */ = {isa = PBXBuildFile; fileRef = CE1291A12BC2D84400801F1F /* OnboardingModel.swift */; };
		CE1291A42BC2D86200801F1F /* OnboardingTabView.swift in Sources */ = {isa = PBXBuildFile; fileRef = CE1291A32BC2D86200801F1F /* OnboardingTabView.swift */; };
		CE5749F12BD02A01003DFF50 /* NetworkingManager.swift in Sources */ = {isa = PBXBuildFile; fileRef = CE5749F02BD02A01003DFF50 /* NetworkingManager.swift */; };
		CE5BE7592D27AE410094582F /* PortfolioContainer.xcdatamodeld in Sources */ = {isa = PBXBuildFile; fileRef = CE5BE7572D27AE410094582F /* PortfolioContainer.xcdatamodeld */; };
		CE5EE3572BCB23F900F6B535 /* HomeViewModel.swift in Sources */ = {isa = PBXBuildFile; fileRef = CE5EE3562BCB23F900F6B535 /* HomeViewModel.swift */; };
		CE6A1AC22BD655C50065F3CF /* SearchBarView.swift in Sources */ = {isa = PBXBuildFile; fileRef = CE6A1AC12BD655C50065F3CF /* SearchBarView.swift */; };
		CE7784422BD1700F00682D5A /* CoinImageService.swift in Sources */ = {isa = PBXBuildFile; fileRef = CE7784412BD1700F00682D5A /* CoinImageService.swift */; };
		CE7784452BD177EB00682D5A /* CoinImageView.swift in Sources */ = {isa = PBXBuildFile; fileRef = CE7784442BD177EB00682D5A /* CoinImageView.swift */; };
		CE7784472BD1784B00682D5A /* CoinImageViewModel.swift in Sources */ = {isa = PBXBuildFile; fileRef = CE7784462BD1784B00682D5A /* CoinImageViewModel.swift */; };
		CE8793E82BD57EBF000F9D47 /* LocalFileManager.swift in Sources */ = {isa = PBXBuildFile; fileRef = CE8793E72BD57EBF000F9D47 /* LocalFileManager.swift */; };
		CE9999212C1005D40016F9DB /* HomeView.swift in Sources */ = {isa = PBXBuildFile; fileRef = CE9999202C1005D40016F9DB /* HomeView.swift */; };
		CE9B56E32C0AC59100137FBA /* MarketView.swift in Sources */ = {isa = PBXBuildFile; fileRef = CE9B56E22C0AC59100137FBA /* MarketView.swift */; };
		CE9DC40E2C73361100D12364 /* StatisticView.swift in Sources */ = {isa = PBXBuildFile; fileRef = CE9DC40D2C73361100D12364 /* StatisticView.swift */; };
		CEA324FF2BCAE67000A3C687 /* Color.swift in Sources */ = {isa = PBXBuildFile; fileRef = CEA324FE2BCAE67000A3C687 /* Color.swift */; };
		CEAF09452BC9091E00DF54A0 /* CoinModel.swift in Sources */ = {isa = PBXBuildFile; fileRef = CEAF09442BC9091E00DF54A0 /* CoinModel.swift */; };
		CEAF09482BC9295800DF54A0 /* PreviewProvider.swift in Sources */ = {isa = PBXBuildFile; fileRef = CEAF09472BC9295800DF54A0 /* PreviewProvider.swift */; };
		CEAF094A2BC92C1D00DF54A0 /* CoinRowView.swift in Sources */ = {isa = PBXBuildFile; fileRef = CEAF09492BC92C1D00DF54A0 /* CoinRowView.swift */; };
		CEAF23EF2D1C058900082A16 /* ChartView.swift in Sources */ = {isa = PBXBuildFile; fileRef = CEAF23EE2D1C058900082A16 /* ChartView.swift */; };
		CEAF23F12D1C109400082A16 /* Date.swift in Sources */ = {isa = PBXBuildFile; fileRef = CEAF23F02D1C108E00082A16 /* Date.swift */; };
		CEAF23FE2D213B6600082A16 /* EditPortfolioView.swift in Sources */ = {isa = PBXBuildFile; fileRef = CEAF23FD2D213B5A00082A16 /* EditPortfolioView.swift */; };
		CEAF24002D213D9200082A16 /* XMarkButton.swift in Sources */ = {isa = PBXBuildFile; fileRef = CEAF23FF2D213D9200082A16 /* XMarkButton.swift */; };
		CEAF24022D213FC900082A16 /* UIApplication.swift in Sources */ = {isa = PBXBuildFile; fileRef = CEAF24012D213FC900082A16 /* UIApplication.swift */; };
		CEC7009D2C577AF3006FC102 /* DetailView.swift in Sources */ = {isa = PBXBuildFile; fileRef = CEC7009C2C577AF3006FC102 /* DetailView.swift */; };
		CEC7009F2C577CE2006FC102 /* DetailViewModel.swift in Sources */ = {isa = PBXBuildFile; fileRef = CEC7009E2C577CE2006FC102 /* DetailViewModel.swift */; };
		CEC700A12C577E38006FC102 /* CoinDetailService.swift in Sources */ = {isa = PBXBuildFile; fileRef = CEC700A02C577E38006FC102 /* CoinDetailService.swift */; };
		CEC700A32C577F99006FC102 /* CoinDetailModel.swift in Sources */ = {isa = PBXBuildFile; fileRef = CEC700A22C577F99006FC102 /* CoinDetailModel.swift */; };
		CEC700A52C577FBC006FC102 /* String.swift in Sources */ = {isa = PBXBuildFile; fileRef = CEC700A42C577FBC006FC102 /* String.swift */; };
		CEC700A72C58C745006FC102 /* StatisticModel.swift in Sources */ = {isa = PBXBuildFile; fileRef = CEC700A62C58C745006FC102 /* StatisticModel.swift */; };
		CEE219A82C85B17600372F7D /* PortfolioDataService.swift in Sources */ = {isa = PBXBuildFile; fileRef = CEE219A72C85B17600372F7D /* PortfolioDataService.swift */; };
		CEF078A62BCFE63D007AF2CF /* CoinDataService.swift in Sources */ = {isa = PBXBuildFile; fileRef = CEF078A52BCFE63D007AF2CF /* CoinDataService.swift */; };
		CEF359C02D3657D700633ECD /* PieChartView.swift in Sources */ = {isa = PBXBuildFile; fileRef = CEF359BF2D3657D700633ECD /* PieChartView.swift */; };
		CEF626322C5399E200FC34BC /* HapticManager.swift in Sources */ = {isa = PBXBuildFile; fileRef = CEF626312C5399E200FC34BC /* HapticManager.swift */; };
		CEFA38852BC9CEE9001E0BEB /* Double.swift in Sources */ = {isa = PBXBuildFile; fileRef = CEFA38842BC9CEE9001E0BEB /* Double.swift */; };
/* End PBXBuildFile section */

/* Begin PBXFileReference section */
		CE12918D2BC2D76E00801F1F /* CryptoTracker.app */ = {isa = PBXFileReference; explicitFileType = wrapper.application; includeInIndex = 0; path = CryptoTracker.app; sourceTree = BUILT_PRODUCTS_DIR; };
		CE1291902BC2D76E00801F1F /* CryptoTrackerApp.swift */ = {isa = PBXFileReference; lastKnownFileType = sourcecode.swift; path = CryptoTrackerApp.swift; sourceTree = "<group>"; };
		CE1291922BC2D76E00801F1F /* PorfolioView.swift */ = {isa = PBXFileReference; lastKnownFileType = sourcecode.swift; path = PorfolioView.swift; sourceTree = "<group>"; };
		CE1291942BC2D76E00801F1F /* Assets.xcassets */ = {isa = PBXFileReference; lastKnownFileType = folder.assetcatalog; path = Assets.xcassets; sourceTree = "<group>"; };
		CE1291972BC2D76E00801F1F /* Preview Assets.xcassets */ = {isa = PBXFileReference; lastKnownFileType = folder.assetcatalog; path = "Preview Assets.xcassets"; sourceTree = "<group>"; };
		CE12919F2BC2D7FC00801F1F /* OnboardingView.swift */ = {isa = PBXFileReference; lastKnownFileType = sourcecode.swift; path = OnboardingView.swift; sourceTree = "<group>"; };
		CE1291A12BC2D84400801F1F /* OnboardingModel.swift */ = {isa = PBXFileReference; lastKnownFileType = sourcecode.swift; path = OnboardingModel.swift; sourceTree = "<group>"; };
		CE1291A32BC2D86200801F1F /* OnboardingTabView.swift */ = {isa = PBXFileReference; lastKnownFileType = sourcecode.swift; path = OnboardingTabView.swift; sourceTree = "<group>"; };
		CE5749F02BD02A01003DFF50 /* NetworkingManager.swift */ = {isa = PBXFileReference; lastKnownFileType = sourcecode.swift; path = NetworkingManager.swift; sourceTree = "<group>"; };
		CE5BE7582D27AE410094582F /* PortfolioContainer.xcdatamodel */ = {isa = PBXFileReference; lastKnownFileType = wrapper.xcdatamodel; path = PortfolioContainer.xcdatamodel; sourceTree = "<group>"; };
		CE5E70422D361EA500C6EA5E /* Info.plist */ = {isa = PBXFileReference; lastKnownFileType = text.plist; path = Info.plist; sourceTree = "<group>"; };
		CE5EE3562BCB23F900F6B535 /* HomeViewModel.swift */ = {isa = PBXFileReference; lastKnownFileType = sourcecode.swift; path = HomeViewModel.swift; sourceTree = "<group>"; };
		CE6A1AC12BD655C50065F3CF /* SearchBarView.swift */ = {isa = PBXFileReference; lastKnownFileType = sourcecode.swift; path = SearchBarView.swift; sourceTree = "<group>"; };
		CE7784412BD1700F00682D5A /* CoinImageService.swift */ = {isa = PBXFileReference; lastKnownFileType = sourcecode.swift; path = CoinImageService.swift; sourceTree = "<group>"; };
		CE7784442BD177EB00682D5A /* CoinImageView.swift */ = {isa = PBXFileReference; lastKnownFileType = sourcecode.swift; path = CoinImageView.swift; sourceTree = "<group>"; };
		CE7784462BD1784B00682D5A /* CoinImageViewModel.swift */ = {isa = PBXFileReference; lastKnownFileType = sourcecode.swift; path = CoinImageViewModel.swift; sourceTree = "<group>"; };
		CE8793E72BD57EBF000F9D47 /* LocalFileManager.swift */ = {isa = PBXFileReference; lastKnownFileType = sourcecode.swift; path = LocalFileManager.swift; sourceTree = "<group>"; };
		CE9999202C1005D40016F9DB /* HomeView.swift */ = {isa = PBXFileReference; lastKnownFileType = sourcecode.swift; path = HomeView.swift; sourceTree = "<group>"; };
		CE9B56E22C0AC59100137FBA /* MarketView.swift */ = {isa = PBXFileReference; lastKnownFileType = sourcecode.swift; path = MarketView.swift; sourceTree = "<group>"; };
		CE9DC40D2C73361100D12364 /* StatisticView.swift */ = {isa = PBXFileReference; lastKnownFileType = sourcecode.swift; path = StatisticView.swift; sourceTree = "<group>"; };
		CEA324FE2BCAE67000A3C687 /* Color.swift */ = {isa = PBXFileReference; lastKnownFileType = sourcecode.swift; path = Color.swift; sourceTree = "<group>"; };
		CEAF09442BC9091E00DF54A0 /* CoinModel.swift */ = {isa = PBXFileReference; lastKnownFileType = sourcecode.swift; path = CoinModel.swift; sourceTree = "<group>"; };
		CEAF09472BC9295800DF54A0 /* PreviewProvider.swift */ = {isa = PBXFileReference; lastKnownFileType = sourcecode.swift; path = PreviewProvider.swift; sourceTree = "<group>"; };
		CEAF09492BC92C1D00DF54A0 /* CoinRowView.swift */ = {isa = PBXFileReference; lastKnownFileType = sourcecode.swift; path = CoinRowView.swift; sourceTree = "<group>"; };
		CEAF23EE2D1C058900082A16 /* ChartView.swift */ = {isa = PBXFileReference; lastKnownFileType = sourcecode.swift; path = ChartView.swift; sourceTree = "<group>"; };
		CEAF23F02D1C108E00082A16 /* Date.swift */ = {isa = PBXFileReference; lastKnownFileType = sourcecode.swift; path = Date.swift; sourceTree = "<group>"; };
		CEAF23FD2D213B5A00082A16 /* EditPortfolioView.swift */ = {isa = PBXFileReference; lastKnownFileType = sourcecode.swift; path = EditPortfolioView.swift; sourceTree = "<group>"; };
		CEAF23FF2D213D9200082A16 /* XMarkButton.swift */ = {isa = PBXFileReference; lastKnownFileType = sourcecode.swift; path = XMarkButton.swift; sourceTree = "<group>"; };
		CEAF24012D213FC900082A16 /* UIApplication.swift */ = {isa = PBXFileReference; lastKnownFileType = sourcecode.swift; path = UIApplication.swift; sourceTree = "<group>"; };
		CEC7009C2C577AF3006FC102 /* DetailView.swift */ = {isa = PBXFileReference; lastKnownFileType = sourcecode.swift; path = DetailView.swift; sourceTree = "<group>"; };
		CEC7009E2C577CE2006FC102 /* DetailViewModel.swift */ = {isa = PBXFileReference; lastKnownFileType = sourcecode.swift; path = DetailViewModel.swift; sourceTree = "<group>"; };
		CEC700A02C577E38006FC102 /* CoinDetailService.swift */ = {isa = PBXFileReference; lastKnownFileType = sourcecode.swift; path = CoinDetailService.swift; sourceTree = "<group>"; };
		CEC700A22C577F99006FC102 /* CoinDetailModel.swift */ = {isa = PBXFileReference; lastKnownFileType = sourcecode.swift; path = CoinDetailModel.swift; sourceTree = "<group>"; };
		CEC700A42C577FBC006FC102 /* String.swift */ = {isa = PBXFileReference; lastKnownFileType = sourcecode.swift; path = String.swift; sourceTree = "<group>"; };
		CEC700A62C58C745006FC102 /* StatisticModel.swift */ = {isa = PBXFileReference; lastKnownFileType = sourcecode.swift; path = StatisticModel.swift; sourceTree = "<group>"; };
		CEE219A72C85B17600372F7D /* PortfolioDataService.swift */ = {isa = PBXFileReference; lastKnownFileType = sourcecode.swift; path = PortfolioDataService.swift; sourceTree = "<group>"; };
		CEF078A52BCFE63D007AF2CF /* CoinDataService.swift */ = {isa = PBXFileReference; lastKnownFileType = sourcecode.swift; path = CoinDataService.swift; sourceTree = "<group>"; };
		CEF359BF2D3657D700633ECD /* PieChartView.swift */ = {isa = PBXFileReference; lastKnownFileType = sourcecode.swift; path = PieChartView.swift; sourceTree = "<group>"; };
		CEF626312C5399E200FC34BC /* HapticManager.swift */ = {isa = PBXFileReference; lastKnownFileType = sourcecode.swift; path = HapticManager.swift; sourceTree = "<group>"; };
		CEFA38842BC9CEE9001E0BEB /* Double.swift */ = {isa = PBXFileReference; lastKnownFileType = sourcecode.swift; path = Double.swift; sourceTree = "<group>"; };
/* End PBXFileReference section */

/* Begin PBXFrameworksBuildPhase section */
		CE12918A2BC2D76E00801F1F /* Frameworks */ = {
			isa = PBXFrameworksBuildPhase;
			buildActionMask = 2147483647;
			files = (
			);
			runOnlyForDeploymentPostprocessing = 0;
		};
/* End PBXFrameworksBuildPhase section */

/* Begin PBXGroup section */
		CE1291842BC2D76E00801F1F = {
			isa = PBXGroup;
			children = (
				CE12918F2BC2D76E00801F1F /* CryptoTracker */,
				CE12918E2BC2D76E00801F1F /* Products */,
			);
			sourceTree = "<group>";
		};
		CE12918E2BC2D76E00801F1F /* Products */ = {
			isa = PBXGroup;
			children = (
				CE12918D2BC2D76E00801F1F /* CryptoTracker.app */,
			);
			name = Products;
			sourceTree = "<group>";
		};
		CE12918F2BC2D76E00801F1F /* CryptoTracker */ = {
			isa = PBXGroup;
			children = (
				CE5E70422D361EA500C6EA5E /* Info.plist */,
				CEAF09432BC908F900DF54A0 /* Models */,
				CE5749EF2BD028DF003DFF50 /* Utilities */,
				CEAF09462BC928D500DF54A0 /* Extensions */,
				CE1291A62BC2FB6300801F1F /* Services */,
				CE12919E2BC2D7BF00801F1F /* Core */,
				CE1291902BC2D76E00801F1F /* CryptoTrackerApp.swift */,
				CE1291942BC2D76E00801F1F /* Assets.xcassets */,
				CE1291962BC2D76E00801F1F /* Preview Content */,
			);
			path = CryptoTracker;
			sourceTree = "<group>";
		};
		CE1291962BC2D76E00801F1F /* Preview Content */ = {
			isa = PBXGroup;
			children = (
				CE1291972BC2D76E00801F1F /* Preview Assets.xcassets */,
			);
			path = "Preview Content";
			sourceTree = "<group>";
		};
		CE12919E2BC2D7BF00801F1F /* Core */ = {
			isa = PBXGroup;
			children = (
				CE1291A52BC2FB2D00801F1F /* Components */,
				CEC7009B2C57715A006FC102 /* Detail */,
				CE9B56E12C0AC51300137FBA /* Market */,
				CE1291AA2BC3014500801F1F /* Portfolio */,
				CE1291A92BC2FD5600801F1F /* Onboarding */,
				CE9999202C1005D40016F9DB /* HomeView.swift */,
			);
			path = Core;
			sourceTree = "<group>";
		};
		CE1291A52BC2FB2D00801F1F /* Components */ = {
			isa = PBXGroup;
			children = (
				CEAF23FF2D213D9200082A16 /* XMarkButton.swift */,
				CEAF09492BC92C1D00DF54A0 /* CoinRowView.swift */,
				CE7784432BD177C400682D5A /* CoinImage */,
				CE6A1AC12BD655C50065F3CF /* SearchBarView.swift */,
				CE9DC40D2C73361100D12364 /* StatisticView.swift */,
			);
			path = Components;
			sourceTree = "<group>";
		};
		CE1291A62BC2FB6300801F1F /* Services */ = {
			isa = PBXGroup;
			children = (
				CEF078A52BCFE63D007AF2CF /* CoinDataService.swift */,
				CE7784412BD1700F00682D5A /* CoinImageService.swift */,
				CEC700A02C577E38006FC102 /* CoinDetailService.swift */,
				CEE219A72C85B17600372F7D /* PortfolioDataService.swift */,
			);
			path = Services;
			sourceTree = "<group>";
		};
		CE1291A92BC2FD5600801F1F /* Onboarding */ = {
			isa = PBXGroup;
			children = (
				CE83073F2C635F9900856121 /* ViewModel */,
				CE7FF4082BC7788C00AD61F6 /* Views */,
			);
			path = Onboarding;
			sourceTree = "<group>";
		};
		CE1291AA2BC3014500801F1F /* Portfolio */ = {
			isa = PBXGroup;
			children = (
				CE8307412C635FDC00856121 /* ViewModel */,
				CE8307402C635FCF00856121 /* Views */,
			);
			path = Portfolio;
			sourceTree = "<group>";
		};
		CE5749EF2BD028DF003DFF50 /* Utilities */ = {
			isa = PBXGroup;
			children = (
				CE5749F02BD02A01003DFF50 /* NetworkingManager.swift */,
				CE8793E72BD57EBF000F9D47 /* LocalFileManager.swift */,
				CEF626312C5399E200FC34BC /* HapticManager.swift */,
			);
			path = Utilities;
			sourceTree = "<group>";
		};
		CE7784432BD177C400682D5A /* CoinImage */ = {
			isa = PBXGroup;
			children = (
				CE7784442BD177EB00682D5A /* CoinImageView.swift */,
				CE7784462BD1784B00682D5A /* CoinImageViewModel.swift */,
			);
			path = CoinImage;
			sourceTree = "<group>";
		};
		CE7FF4082BC7788C00AD61F6 /* Views */ = {
			isa = PBXGroup;
			children = (
				CE12919F2BC2D7FC00801F1F /* OnboardingView.swift */,
				CE1291A32BC2D86200801F1F /* OnboardingTabView.swift */,
			);
			path = Views;
			sourceTree = "<group>";
		};
		CE83073F2C635F9900856121 /* ViewModel */ = {
			isa = PBXGroup;
			children = (
				CE1291A12BC2D84400801F1F /* OnboardingModel.swift */,
			);
			path = ViewModel;
			sourceTree = "<group>";
		};
		CE8307402C635FCF00856121 /* Views */ = {
			isa = PBXGroup;
			children = (
				CEAF23FD2D213B5A00082A16 /* EditPortfolioView.swift */,
				CE1291922BC2D76E00801F1F /* PorfolioView.swift */,
				CEF359BF2D3657D700633ECD /* PieChartView.swift */,
			);
			path = Views;
			sourceTree = "<group>";
		};
		CE8307412C635FDC00856121 /* ViewModel */ = {
			isa = PBXGroup;
			children = (
				CE5EE3562BCB23F900F6B535 /* HomeViewModel.swift */,
			);
			path = ViewModel;
			sourceTree = "<group>";
		};
		CE8307422C635FF600856121 /* View */ = {
			isa = PBXGroup;
			children = (
				CE9B56E22C0AC59100137FBA /* MarketView.swift */,
			);
			path = View;
			sourceTree = "<group>";
		};
		CE8307432C63600B00856121 /* Views */ = {
			isa = PBXGroup;
			children = (
				CEC7009C2C577AF3006FC102 /* DetailView.swift */,
				CEAF23EE2D1C058900082A16 /* ChartView.swift */,
			);
			name = Views;
			sourceTree = "<group>";
		};
		CE8307442C63602500856121 /* ViewModel */ = {
			isa = PBXGroup;
			children = (
				CEC7009E2C577CE2006FC102 /* DetailViewModel.swift */,
			);
			name = ViewModel;
			sourceTree = "<group>";
		};
		CE9B56E12C0AC51300137FBA /* Market */ = {
			isa = PBXGroup;
			children = (
				CE8307422C635FF600856121 /* View */,
			);
			path = Market;
			sourceTree = "<group>";
		};
		CEAF09432BC908F900DF54A0 /* Models */ = {
			isa = PBXGroup;
			children = (
				CEAF09442BC9091E00DF54A0 /* CoinModel.swift */,
				CEC700A22C577F99006FC102 /* CoinDetailModel.swift */,
				CEC700A62C58C745006FC102 /* StatisticModel.swift */,
				CE5BE7572D27AE410094582F /* PortfolioContainer.xcdatamodeld */,
			);
			path = Models;
			sourceTree = "<group>";
		};
		CEAF09462BC928D500DF54A0 /* Extensions */ = {
			isa = PBXGroup;
			children = (
				CEAF24012D213FC900082A16 /* UIApplication.swift */,
				CEAF23F02D1C108E00082A16 /* Date.swift */,
				CEAF09472BC9295800DF54A0 /* PreviewProvider.swift */,
				CEFA38842BC9CEE9001E0BEB /* Double.swift */,
				CEA324FE2BCAE67000A3C687 /* Color.swift */,
				CEC700A42C577FBC006FC102 /* String.swift */,
			);
			path = Extensions;
			sourceTree = "<group>";
		};
		CEC7009B2C57715A006FC102 /* Detail */ = {
			isa = PBXGroup;
			children = (
				CE8307442C63602500856121 /* ViewModel */,
				CE8307432C63600B00856121 /* Views */,
			);
			path = Detail;
			sourceTree = "<group>";
		};
/* End PBXGroup section */

/* Begin PBXNativeTarget section */
		CE12918C2BC2D76E00801F1F /* CryptoTracker */ = {
			isa = PBXNativeTarget;
			buildConfigurationList = CE12919B2BC2D76E00801F1F /* Build configuration list for PBXNativeTarget "CryptoTracker" */;
			buildPhases = (
				CE1291892BC2D76E00801F1F /* Sources */,
				CE12918A2BC2D76E00801F1F /* Frameworks */,
				CE12918B2BC2D76E00801F1F /* Resources */,
			);
			buildRules = (
			);
			dependencies = (
			);
			name = CryptoTracker;
			productName = CryptoTracker;
			productReference = CE12918D2BC2D76E00801F1F /* CryptoTracker.app */;
			productType = "com.apple.product-type.application";
		};
/* End PBXNativeTarget section */

/* Begin PBXProject section */
		CE1291852BC2D76E00801F1F /* Project object */ = {
			isa = PBXProject;
			attributes = {
				BuildIndependentTargetsInParallel = 1;
				LastSwiftUpdateCheck = 1500;
				LastUpgradeCheck = 1500;
				TargetAttributes = {
					CE12918C2BC2D76E00801F1F = {
						CreatedOnToolsVersion = 15.0.1;
					};
				};
			};
			buildConfigurationList = CE1291882BC2D76E00801F1F /* Build configuration list for PBXProject "CryptoTracker" */;
			compatibilityVersion = "Xcode 14.0";
			developmentRegion = en;
			hasScannedForEncodings = 0;
			knownRegions = (
				en,
				Base,
			);
			mainGroup = CE1291842BC2D76E00801F1F;
			productRefGroup = CE12918E2BC2D76E00801F1F /* Products */;
			projectDirPath = "";
			projectRoot = "";
			targets = (
				CE12918C2BC2D76E00801F1F /* CryptoTracker */,
			);
		};
/* End PBXProject section */

/* Begin PBXResourcesBuildPhase section */
		CE12918B2BC2D76E00801F1F /* Resources */ = {
			isa = PBXResourcesBuildPhase;
			buildActionMask = 2147483647;
			files = (
				CE1291982BC2D76E00801F1F /* Preview Assets.xcassets in Resources */,
				CE1291952BC2D76E00801F1F /* Assets.xcassets in Resources */,
			);
			runOnlyForDeploymentPostprocessing = 0;
		};
/* End PBXResourcesBuildPhase section */

/* Begin PBXSourcesBuildPhase section */
		CE1291892BC2D76E00801F1F /* Sources */ = {
			isa = PBXSourcesBuildPhase;
			buildActionMask = 2147483647;
			files = (
				CEF078A62BCFE63D007AF2CF /* CoinDataService.swift in Sources */,
				CEAF094A2BC92C1D00DF54A0 /* CoinRowView.swift in Sources */,
				CE5EE3572BCB23F900F6B535 /* HomeViewModel.swift in Sources */,
				CE1291A42BC2D86200801F1F /* OnboardingTabView.swift in Sources */,
				CE8793E82BD57EBF000F9D47 /* LocalFileManager.swift in Sources */,
				CEE219A82C85B17600372F7D /* PortfolioDataService.swift in Sources */,
				CE9B56E32C0AC59100137FBA /* MarketView.swift in Sources */,
				CE1291A02BC2D7FC00801F1F /* OnboardingView.swift in Sources */,
				CEAF24002D213D9200082A16 /* XMarkButton.swift in Sources */,
				CEC700A72C58C745006FC102 /* StatisticModel.swift in Sources */,
				CEC700A12C577E38006FC102 /* CoinDetailService.swift in Sources */,
				CEA324FF2BCAE67000A3C687 /* Color.swift in Sources */,
				CEC700A32C577F99006FC102 /* CoinDetailModel.swift in Sources */,
				CE1291A22BC2D84400801F1F /* OnboardingModel.swift in Sources */,
				CE1291932BC2D76E00801F1F /* PorfolioView.swift in Sources */,
				CEC7009D2C577AF3006FC102 /* DetailView.swift in Sources */,
				CEC7009F2C577CE2006FC102 /* DetailViewModel.swift in Sources */,
				CEC700A52C577FBC006FC102 /* String.swift in Sources */,
				CE5749F12BD02A01003DFF50 /* NetworkingManager.swift in Sources */,
				CE6A1AC22BD655C50065F3CF /* SearchBarView.swift in Sources */,
				CEAF09452BC9091E00DF54A0 /* CoinModel.swift in Sources */,
				CE9999212C1005D40016F9DB /* HomeView.swift in Sources */,
				CEAF09482BC9295800DF54A0 /* PreviewProvider.swift in Sources */,
				CEF359C02D3657D700633ECD /* PieChartView.swift in Sources */,
				CE9DC40E2C73361100D12364 /* StatisticView.swift in Sources */,
				CEAF23FE2D213B6600082A16 /* EditPortfolioView.swift in Sources */,
				CEAF23EF2D1C058900082A16 /* ChartView.swift in Sources */,
				CE7784472BD1784B00682D5A /* CoinImageViewModel.swift in Sources */,
				CEF626322C5399E200FC34BC /* HapticManager.swift in Sources */,
				CE5BE7592D27AE410094582F /* PortfolioContainer.xcdatamodeld in Sources */,
				CE7784452BD177EB00682D5A /* CoinImageView.swift in Sources */,
				CEAF24022D213FC900082A16 /* UIApplication.swift in Sources */,
				CEAF23F12D1C109400082A16 /* Date.swift in Sources */,
				CEFA38852BC9CEE9001E0BEB /* Double.swift in Sources */,
				CE7784422BD1700F00682D5A /* CoinImageService.swift in Sources */,
				CE1291912BC2D76E00801F1F /* CryptoTrackerApp.swift in Sources */,
			);
			runOnlyForDeploymentPostprocessing = 0;
		};
/* End PBXSourcesBuildPhase section */

/* Begin XCBuildConfiguration section */
		CE1291992BC2D76E00801F1F /* Debug */ = {
			isa = XCBuildConfiguration;
			buildSettings = {
				ALWAYS_SEARCH_USER_PATHS = NO;
				ASSETCATALOG_COMPILER_GENERATE_SWIFT_ASSET_SYMBOL_EXTENSIONS = YES;
				CLANG_ANALYZER_NONNULL = YES;
				CLANG_ANALYZER_NUMBER_OBJECT_CONVERSION = YES_AGGRESSIVE;
				CLANG_CXX_LANGUAGE_STANDARD = "gnu++20";
				CLANG_ENABLE_MODULES = YES;
				CLANG_ENABLE_OBJC_ARC = YES;
				CLANG_ENABLE_OBJC_WEAK = YES;
				CLANG_WARN_BLOCK_CAPTURE_AUTORELEASING = YES;
				CLANG_WARN_BOOL_CONVERSION = YES;
				CLANG_WARN_COMMA = YES;
				CLANG_WARN_CONSTANT_CONVERSION = YES;
				CLANG_WARN_DEPRECATED_OBJC_IMPLEMENTATIONS = YES;
				CLANG_WARN_DIRECT_OBJC_ISA_USAGE = YES_ERROR;
				CLANG_WARN_DOCUMENTATION_COMMENTS = YES;
				CLANG_WARN_EMPTY_BODY = YES;
				CLANG_WARN_ENUM_CONVERSION = YES;
				CLANG_WARN_INFINITE_RECURSION = YES;
				CLANG_WARN_INT_CONVERSION = YES;
				CLANG_WARN_NON_LITERAL_NULL_CONVERSION = YES;
				CLANG_WARN_OBJC_IMPLICIT_RETAIN_SELF = YES;
				CLANG_WARN_OBJC_LITERAL_CONVERSION = YES;
				CLANG_WARN_OBJC_ROOT_CLASS = YES_ERROR;
				CLANG_WARN_QUOTED_INCLUDE_IN_FRAMEWORK_HEADER = YES;
				CLANG_WARN_RANGE_LOOP_ANALYSIS = YES;
				CLANG_WARN_STRICT_PROTOTYPES = YES;
				CLANG_WARN_SUSPICIOUS_MOVE = YES;
				CLANG_WARN_UNGUARDED_AVAILABILITY = YES_AGGRESSIVE;
				CLANG_WARN_UNREACHABLE_CODE = YES;
				CLANG_WARN__DUPLICATE_METHOD_MATCH = YES;
				COPY_PHASE_STRIP = NO;
				DEBUG_INFORMATION_FORMAT = dwarf;
				ENABLE_STRICT_OBJC_MSGSEND = YES;
				ENABLE_TESTABILITY = YES;
				ENABLE_USER_SCRIPT_SANDBOXING = YES;
				GCC_C_LANGUAGE_STANDARD = gnu17;
				GCC_DYNAMIC_NO_PIC = NO;
				GCC_NO_COMMON_BLOCKS = YES;
				GCC_OPTIMIZATION_LEVEL = 0;
				GCC_PREPROCESSOR_DEFINITIONS = (
					"DEBUG=1",
					"$(inherited)",
				);
				GCC_WARN_64_TO_32_BIT_CONVERSION = YES;
				GCC_WARN_ABOUT_RETURN_TYPE = YES_ERROR;
				GCC_WARN_UNDECLARED_SELECTOR = YES;
				GCC_WARN_UNINITIALIZED_AUTOS = YES_AGGRESSIVE;
				GCC_WARN_UNUSED_FUNCTION = YES;
				GCC_WARN_UNUSED_VARIABLE = YES;
				IPHONEOS_DEPLOYMENT_TARGET = 17.0;
				LOCALIZATION_PREFERS_STRING_CATALOGS = YES;
				MTL_ENABLE_DEBUG_INFO = INCLUDE_SOURCE;
				MTL_FAST_MATH = YES;
				ONLY_ACTIVE_ARCH = YES;
				SDKROOT = iphoneos;
				SWIFT_ACTIVE_COMPILATION_CONDITIONS = "DEBUG $(inherited)";
				SWIFT_OPTIMIZATION_LEVEL = "-Onone";
			};
			name = Debug;
		};
		CE12919A2BC2D76E00801F1F /* Release */ = {
			isa = XCBuildConfiguration;
			buildSettings = {
				ALWAYS_SEARCH_USER_PATHS = NO;
				ASSETCATALOG_COMPILER_GENERATE_SWIFT_ASSET_SYMBOL_EXTENSIONS = YES;
				CLANG_ANALYZER_NONNULL = YES;
				CLANG_ANALYZER_NUMBER_OBJECT_CONVERSION = YES_AGGRESSIVE;
				CLANG_CXX_LANGUAGE_STANDARD = "gnu++20";
				CLANG_ENABLE_MODULES = YES;
				CLANG_ENABLE_OBJC_ARC = YES;
				CLANG_ENABLE_OBJC_WEAK = YES;
				CLANG_WARN_BLOCK_CAPTURE_AUTORELEASING = YES;
				CLANG_WARN_BOOL_CONVERSION = YES;
				CLANG_WARN_COMMA = YES;
				CLANG_WARN_CONSTANT_CONVERSION = YES;
				CLANG_WARN_DEPRECATED_OBJC_IMPLEMENTATIONS = YES;
				CLANG_WARN_DIRECT_OBJC_ISA_USAGE = YES_ERROR;
				CLANG_WARN_DOCUMENTATION_COMMENTS = YES;
				CLANG_WARN_EMPTY_BODY = YES;
				CLANG_WARN_ENUM_CONVERSION = YES;
				CLANG_WARN_INFINITE_RECURSION = YES;
				CLANG_WARN_INT_CONVERSION = YES;
				CLANG_WARN_NON_LITERAL_NULL_CONVERSION = YES;
				CLANG_WARN_OBJC_IMPLICIT_RETAIN_SELF = YES;
				CLANG_WARN_OBJC_LITERAL_CONVERSION = YES;
				CLANG_WARN_OBJC_ROOT_CLASS = YES_ERROR;
				CLANG_WARN_QUOTED_INCLUDE_IN_FRAMEWORK_HEADER = YES;
				CLANG_WARN_RANGE_LOOP_ANALYSIS = YES;
				CLANG_WARN_STRICT_PROTOTYPES = YES;
				CLANG_WARN_SUSPICIOUS_MOVE = YES;
				CLANG_WARN_UNGUARDED_AVAILABILITY = YES_AGGRESSIVE;
				CLANG_WARN_UNREACHABLE_CODE = YES;
				CLANG_WARN__DUPLICATE_METHOD_MATCH = YES;
				COPY_PHASE_STRIP = NO;
				DEBUG_INFORMATION_FORMAT = "dwarf-with-dsym";
				ENABLE_NS_ASSERTIONS = NO;
				ENABLE_STRICT_OBJC_MSGSEND = YES;
				ENABLE_USER_SCRIPT_SANDBOXING = YES;
				GCC_C_LANGUAGE_STANDARD = gnu17;
				GCC_NO_COMMON_BLOCKS = YES;
				GCC_WARN_64_TO_32_BIT_CONVERSION = YES;
				GCC_WARN_ABOUT_RETURN_TYPE = YES_ERROR;
				GCC_WARN_UNDECLARED_SELECTOR = YES;
				GCC_WARN_UNINITIALIZED_AUTOS = YES_AGGRESSIVE;
				GCC_WARN_UNUSED_FUNCTION = YES;
				GCC_WARN_UNUSED_VARIABLE = YES;
				IPHONEOS_DEPLOYMENT_TARGET = 17.0;
				LOCALIZATION_PREFERS_STRING_CATALOGS = YES;
				MTL_ENABLE_DEBUG_INFO = NO;
				MTL_FAST_MATH = YES;
				SDKROOT = iphoneos;
				SWIFT_COMPILATION_MODE = wholemodule;
				VALIDATE_PRODUCT = YES;
			};
			name = Release;
		};
		CE12919C2BC2D76E00801F1F /* Debug */ = {
			isa = XCBuildConfiguration;
			buildSettings = {
				ASSETCATALOG_COMPILER_APPICON_NAME = AppIcon;
				ASSETCATALOG_COMPILER_GLOBAL_ACCENT_COLOR_NAME = AccentColor;
				CODE_SIGN_STYLE = Automatic;
				CURRENT_PROJECT_VERSION = 1;
				DEVELOPMENT_ASSET_PATHS = "\"CryptoTracker/Preview Content\"";
				DEVELOPMENT_TEAM = 93RY9M65VX;
				ENABLE_PREVIEWS = YES;
				GENERATE_INFOPLIST_FILE = YES;
				INFOPLIST_FILE = CryptoTracker/Info.plist;
				INFOPLIST_KEY_UIApplicationSceneManifest_Generation = YES;
				INFOPLIST_KEY_UIApplicationSupportsIndirectInputEvents = YES;
				INFOPLIST_KEY_UILaunchStoryboardName = "";
				INFOPLIST_KEY_UISupportedInterfaceOrientations_iPad = "UIInterfaceOrientationPortrait UIInterfaceOrientationPortraitUpsideDown UIInterfaceOrientationLandscapeLeft UIInterfaceOrientationLandscapeRight";
				INFOPLIST_KEY_UISupportedInterfaceOrientations_iPhone = "UIInterfaceOrientationPortrait UIInterfaceOrientationLandscapeLeft UIInterfaceOrientationLandscapeRight";
				LD_RUNPATH_SEARCH_PATHS = (
					"$(inherited)",
					"@executable_path/Frameworks",
				);
				MARKETING_VERSION = 1.0;
				PRODUCT_BUNDLE_IDENTIFIER = com.kobby.CryptoTracker;
				PRODUCT_NAME = "$(TARGET_NAME)";
				SWIFT_EMIT_LOC_STRINGS = YES;
				SWIFT_VERSION = 5.0;
				TARGETED_DEVICE_FAMILY = "1,2";
			};
			name = Debug;
		};
		CE12919D2BC2D76E00801F1F /* Release */ = {
			isa = XCBuildConfiguration;
			buildSettings = {
				ASSETCATALOG_COMPILER_APPICON_NAME = AppIcon;
				ASSETCATALOG_COMPILER_GLOBAL_ACCENT_COLOR_NAME = AccentColor;
				CODE_SIGN_STYLE = Automatic;
				CURRENT_PROJECT_VERSION = 1;
				DEVELOPMENT_ASSET_PATHS = "\"CryptoTracker/Preview Content\"";
				DEVELOPMENT_TEAM = 93RY9M65VX;
				ENABLE_PREVIEWS = YES;
				GENERATE_INFOPLIST_FILE = YES;
				INFOPLIST_FILE = CryptoTracker/Info.plist;
				INFOPLIST_KEY_UIApplicationSceneManifest_Generation = YES;
				INFOPLIST_KEY_UIApplicationSupportsIndirectInputEvents = YES;
				INFOPLIST_KEY_UILaunchStoryboardName = "";
				INFOPLIST_KEY_UISupportedInterfaceOrientations_iPad = "UIInterfaceOrientationPortrait UIInterfaceOrientationPortraitUpsideDown UIInterfaceOrientationLandscapeLeft UIInterfaceOrientationLandscapeRight";
				INFOPLIST_KEY_UISupportedInterfaceOrientations_iPhone = "UIInterfaceOrientationPortrait UIInterfaceOrientationLandscapeLeft UIInterfaceOrientationLandscapeRight";
				LD_RUNPATH_SEARCH_PATHS = (
					"$(inherited)",
					"@executable_path/Frameworks",
				);
				MARKETING_VERSION = 1.0;
				PRODUCT_BUNDLE_IDENTIFIER = com.kobby.CryptoTracker;
				PRODUCT_NAME = "$(TARGET_NAME)";
				SWIFT_EMIT_LOC_STRINGS = YES;
				SWIFT_VERSION = 5.0;
				TARGETED_DEVICE_FAMILY = "1,2";
			};
			name = Release;
		};
/* End XCBuildConfiguration section */

/* Begin XCConfigurationList section */
		CE1291882BC2D76E00801F1F /* Build configuration list for PBXProject "CryptoTracker" */ = {
			isa = XCConfigurationList;
			buildConfigurations = (
				CE1291992BC2D76E00801F1F /* Debug */,
				CE12919A2BC2D76E00801F1F /* Release */,
			);
			defaultConfigurationIsVisible = 0;
			defaultConfigurationName = Release;
		};
		CE12919B2BC2D76E00801F1F /* Build configuration list for PBXNativeTarget "CryptoTracker" */ = {
			isa = XCConfigurationList;
			buildConfigurations = (
				CE12919C2BC2D76E00801F1F /* Debug */,
				CE12919D2BC2D76E00801F1F /* Release */,
			);
			defaultConfigurationIsVisible = 0;
			defaultConfigurationName = Release;
		};
/* End XCConfigurationList section */

/* Begin XCVersionGroup section */
		CE5BE7572D27AE410094582F /* PortfolioContainer.xcdatamodeld */ = {
			isa = XCVersionGroup;
			children = (
				CE5BE7582D27AE410094582F /* PortfolioContainer.xcdatamodel */,
			);
			currentVersion = CE5BE7582D27AE410094582F /* PortfolioContainer.xcdatamodel */;
			path = PortfolioContainer.xcdatamodeld;
			sourceTree = "<group>";
			versionGroupType = wrapper.xcdatamodel;
		};
/* End XCVersionGroup section */
	};
	rootObject = CE1291852BC2D76E00801F1F /* Project object */;
}
